
Microsoft Visual Studio Solution File, Format Version 12.00
# Visual Studio Version 17
VisualStudioVersion = 17.9.34607.119
MinimumVisualStudioVersion = 10.0.40219.1
Project("{FAE04EC0-301F-11D3-BF4B-00C04F79EFBC}") = "SRP.App", "SRP.App\SRP.App.csproj", "{749BCB4D-5492-4D99-B3F6-FF0E46545187}"
EndProject
Project("{FAE04EC0-301F-11D3-BF4B-00C04F79EFBC}") = "OCP.App", "OCP.App\OCP.App.csproj", "{FE04D2FD-4145-4073-A3B5-DAE76AE62FC0}"
EndProject
Project("{FAE04EC0-301F-11D3-BF4B-00C04F79EFBC}") = "LSP.App", "LSP.App\LSP.App.csproj", "{75B219B8-33DB-4275-9982-B971ABC4A32C}"
EndProject
Project("{FAE04EC0-301F-11D3-BF4B-00C04F79EFBC}") = "ISP.App", "ISP.App\ISP.App.csproj", "{099D5105-2BF9-4F72-B3C7-42BDA121BA62}"
EndProject
Global
	GlobalSection(SolutionConfigurationPlatforms) = preSolution
		Debug|Any CPU = Debug|Any CPU
		Release|Any CPU = Release|Any CPU
	EndGlobalSection
	GlobalSection(ProjectConfigurationPlatforms) = postSolution
		{749BCB4D-5492-4D99-B3F6-FF0E46545187}.Debug|Any CPU.ActiveCfg = Debug|Any CPU
		{749BCB4D-5492-4D99-B3F6-FF0E46545187}.Debug|Any CPU.Build.0 = Debug|Any CPU
		{749BCB4D-5492-4D99-B3F6-FF0E46545187}.Release|Any CPU.ActiveCfg = Release|Any CPU
		{749BCB4D-5492-4D99-B3F6-FF0E46545187}.Release|Any CPU.Build.0 = Release|Any CPU
		{FE04D2FD-4145-4073-A3B5-DAE76AE62FC0}.Debug|Any CPU.ActiveCfg = Debug|Any CPU
		{FE04D2FD-4145-4073-A3B5-DAE76AE62FC0}.Debug|Any CPU.Build.0 = Debug|Any CPU
		{FE04D2FD-4145-4073-A3B5-DAE76AE62FC0}.Release|Any CPU.ActiveCfg = Release|Any CPU
		{FE04D2FD-4145-4073-A3B5-DAE76AE62FC0}.Release|Any CPU.Build.0 = Release|Any CPU
		{75B219B8-33DB-4275-9982-B971ABC4A32C}.Debug|Any CPU.ActiveCfg = Debug|Any CPU
		{75B219B8-33DB-4275-9982-B971ABC4A32C}.Debug|Any CPU.Build.0 = Debug|Any CPU
		{75B219B8-33DB-4275-9982-B971ABC4A32C}.Release|Any CPU.ActiveCfg = Release|Any CPU
		{75B219B8-33DB-4275-9982-B971ABC4A32C}.Release|Any CPU.Build.0 = Release|Any CPU
		{099D5105-2BF9-4F72-B3C7-42BDA121BA62}.Debug|Any CPU.ActiveCfg = Debug|Any CPU
		{099D5105-2BF9-4F72-B3C7-42BDA121BA62}.Debug|Any CPU.Build.0 = Debug|Any CPU
		{099D5105-2BF9-4F72-B3C7-42BDA121BA62}.Release|Any CPU.ActiveCfg = Release|Any CPU
		{099D5105-2BF9-4F72-B3C7-42BDA121BA62}.Release|Any CPU.Build.0 = Release|Any CPU
	EndGlobalSection
	GlobalSection(SolutionProperties) = preSolution
		HideSolutionNode = FALSE
	EndGlobalSection
	GlobalSection(ExtensibilityGlobals) = postSolution
		SolutionGuid = {DFE9572B-D607-4796-A900-7478A1009FE0}
	EndGlobalSection
EndGlobal
